
Microsoft Visual Studio Solution File, Format Version 12.00
# Visual Studio Version 16
VisualStudioVersion = 16.0.30104.148
MinimumVisualStudioVersion = 10.0.40219.1
Project("{FAE04EC0-301F-11D3-BF4B-00C04F79EFBC}") = "Server", "Server\Server.csproj", "{4DBE0A08-BE17-4DE9-B339-2926755A617E}"
EndProject
Project("{FAE04EC0-301F-11D3-BF4B-00C04F79EFBC}") = "Client", "Client\Client.csproj", "{6FC80B4D-F375-4B6D-AA68-402A9083F971}"
EndProject
Global
	GlobalSection(SolutionConfigurationPlatforms) = preSolution
		Debug|Any CPU = Debug|Any CPU
		Release|Any CPU = Release|Any CPU
	EndGlobalSection
	GlobalSection(ProjectConfigurationPlatforms) = postSolution
		{4DBE0A08-BE17-4DE9-B339-2926755A617E}.Debug|Any CPU.ActiveCfg = Debug|Any CPU
		{4DBE0A08-BE17-4DE9-B339-2926755A617E}.Debug|Any CPU.Build.0 = Debug|Any CPU
		{4DBE0A08-BE17-4DE9-B339-2926755A617E}.Release|Any CPU.ActiveCfg = Release|Any CPU
		{4DBE0A08-BE17-4DE9-B339-2926755A617E}.Release|Any CPU.Build.0 = Release|Any CPU
		{6FC80B4D-F375-4B6D-AA68-402A9083F971}.Debug|Any CPU.ActiveCfg = Debug|Any CPU
		{6FC80B4D-F375-4B6D-AA68-402A9083F971}.Debug|Any CPU.Build.0 = Debug|Any CPU
		{6FC80B4D-F375-4B6D-AA68-402A9083F971}.Release|Any CPU.ActiveCfg = Release|Any CPU
		{6FC80B4D-F375-4B6D-AA68-402A9083F971}.Release|Any CPU.Build.0 = Release|Any CPU
	EndGlobalSection
	GlobalSection(SolutionProperties) = preSolution
		HideSolutionNode = FALSE
	EndGlobalSection
	GlobalSection(ExtensibilityGlobals) = postSolution
		SolutionGuid = {BBE4D62D-917C-4AC3-9D16-0DABE70164CF}
	EndGlobalSection
EndGlobal
